
Microsoft Visual Studio Solution File, Format Version 12.00
# Visual Studio Version 17
VisualStudioVersion = 17.0.31903.59
MinimumVisualStudioVersion = 10.0.40219.1
Project("{2150E333-8FDC-42A3-9474-1A3956D46DE8}") = "src", "src", "{827E0CD3-B72D-47B6-A68D-7590B98EB39B}"
EndProject
Project("{FAE04EC0-301F-11D3-BF4B-00C04F79EFBC}") = "OpenMoba.Contracts", "src\OpenMoba.Contracts\OpenMoba.Contracts.csproj", "{B835F542-2993-47D8-968A-37875479A802}"
EndProject
Project("{FAE04EC0-301F-11D3-BF4B-00C04F79EFBC}") = "OpenMoba.ModApi.Contracts", "src\OpenMoba.ModApi.Contracts\OpenMoba.ModApi.Contracts.csproj", "{4F8EA117-E340-47DB-B1CD-C1773999D508}"
EndProject
Project("{FAE04EC0-301F-11D3-BF4B-00C04F79EFBC}") = "OpenMoba.Sim", "src\OpenMoba.Sim\OpenMoba.Sim.csproj", "{A0BD1728-4999-4CA1-8119-245A1093A0B6}"
EndProject
Project("{FAE04EC0-301F-11D3-BF4B-00C04F79EFBC}") = "OpenMoba.Server", "src\OpenMoba.Server\OpenMoba.Server.csproj", "{25C85A91-A5C8-42CF-9277-879290B685F1}"
EndProject
Project("{FAE04EC0-301F-11D3-BF4B-00C04F79EFBC}") = "OpenMoba.Cli", "src\OpenMoba.Cli\OpenMoba.Cli.csproj", "{926675C2-0C2D-43C4-AF38-32FD92066580}"
EndProject
Project("{FAE04EC0-301F-11D3-BF4B-00C04F79EFBC}") = "OpenMoba.Client.Godot", "src\OpenMoba.Client.Godot\OpenMoba.Client.Godot.csproj", "{4CB8F6F8-6DB8-4E9F-BFD8-8ECA21258A7C}"
EndProject
Project("{2150E333-8FDC-42A3-9474-1A3956D46DE8}") = "tests", "tests", "{0AB3BF05-4346-4AA6-1389-037BE0695223}"
EndProject
Project("{FAE04EC0-301F-11D3-BF4B-00C04F79EFBC}") = "OpenMoba.ArchitectureTests", "tests\OpenMoba.ArchitectureTests\OpenMoba.ArchitectureTests.csproj", "{67A28AFD-0363-4081-BC3F-5F8F53874C92}"
EndProject
Project("{FAE04EC0-301F-11D3-BF4B-00C04F79EFBC}") = "OpenMoba.Sim.Tests", "tests\OpenMoba.Sim.Tests\OpenMoba.Sim.Tests.csproj", "{8E71CF55-0CBA-4847-BC6B-9AE1F0656463}"
EndProject
Global
	GlobalSection(SolutionConfigurationPlatforms) = preSolution
		Debug|Any CPU = Debug|Any CPU
		Debug|x64 = Debug|x64
		Debug|x86 = Debug|x86
		Release|Any CPU = Release|Any CPU
		Release|x64 = Release|x64
		Release|x86 = Release|x86
	EndGlobalSection
	GlobalSection(ProjectConfigurationPlatforms) = postSolution
		{B835F542-2993-47D8-968A-37875479A802}.Debug|Any CPU.ActiveCfg = Debug|Any CPU
		{B835F542-2993-47D8-968A-37875479A802}.Debug|Any CPU.Build.0 = Debug|Any CPU
		{B835F542-2993-47D8-968A-37875479A802}.Debug|x64.ActiveCfg = Debug|Any CPU
		{B835F542-2993-47D8-968A-37875479A802}.Debug|x64.Build.0 = Debug|Any CPU
		{B835F542-2993-47D8-968A-37875479A802}.Debug|x86.ActiveCfg = Debug|Any CPU
		{B835F542-2993-47D8-968A-37875479A802}.Debug|x86.Build.0 = Debug|Any CPU
		{B835F542-2993-47D8-968A-37875479A802}.Release|Any CPU.ActiveCfg = Release|Any CPU
		{B835F542-2993-47D8-968A-37875479A802}.Release|Any CPU.Build.0 = Release|Any CPU
		{B835F542-2993-47D8-968A-37875479A802}.Release|x64.ActiveCfg = Release|Any CPU
		{B835F542-2993-47D8-968A-37875479A802}.Release|x64.Build.0 = Release|Any CPU
		{B835F542-2993-47D8-968A-37875479A802}.Release|x86.ActiveCfg = Release|Any CPU
		{B835F542-2993-47D8-968A-37875479A802}.Release|x86.Build.0 = Release|Any CPU
		{4F8EA117-E340-47DB-B1CD-C1773999D508}.Debug|Any CPU.ActiveCfg = Debug|Any CPU
		{4F8EA117-E340-47DB-B1CD-C1773999D508}.Debug|Any CPU.Build.0 = Debug|Any CPU
		{4F8EA117-E340-47DB-B1CD-C1773999D508}.Debug|x64.ActiveCfg = Debug|Any CPU
		{4F8EA117-E340-47DB-B1CD-C1773999D508}.Debug|x64.Build.0 = Debug|Any CPU
		{4F8EA117-E340-47DB-B1CD-C1773999D508}.Debug|x86.ActiveCfg = Debug|Any CPU
		{4F8EA117-E340-47DB-B1CD-C1773999D508}.Debug|x86.Build.0 = Debug|Any CPU
		{4F8EA117-E340-47DB-B1CD-C1773999D508}.Release|Any CPU.ActiveCfg = Release|Any CPU
		{4F8EA117-E340-47DB-B1CD-C1773999D508}.Release|Any CPU.Build.0 = Release|Any CPU
		{4F8EA117-E340-47DB-B1CD-C1773999D508}.Release|x64.ActiveCfg = Release|Any CPU
		{4F8EA117-E340-47DB-B1CD-C1773999D508}.Release|x64.Build.0 = Release|Any CPU
		{4F8EA117-E340-47DB-B1CD-C1773999D508}.Release|x86.ActiveCfg = Release|Any CPU
		{4F8EA117-E340-47DB-B1CD-C1773999D508}.Release|x86.Build.0 = Release|Any CPU
		{A0BD1728-4999-4CA1-8119-245A1093A0B6}.Debug|Any CPU.ActiveCfg = Debug|Any CPU
		{A0BD1728-4999-4CA1-8119-245A1093A0B6}.Debug|Any CPU.Build.0 = Debug|Any CPU
		{A0BD1728-4999-4CA1-8119-245A1093A0B6}.Debug|x64.ActiveCfg = Debug|Any CPU
		{A0BD1728-4999-4CA1-8119-245A1093A0B6}.Debug|x64.Build.0 = Debug|Any CPU
		{A0BD1728-4999-4CA1-8119-245A1093A0B6}.Debug|x86.ActiveCfg = Debug|Any CPU
		{A0BD1728-4999-4CA1-8119-245A1093A0B6}.Debug|x86.Build.0 = Debug|Any CPU
		{A0BD1728-4999-4CA1-8119-245A1093A0B6}.Release|Any CPU.ActiveCfg = Release|Any CPU
		{A0BD1728-4999-4CA1-8119-245A1093A0B6}.Release|Any CPU.Build.0 = Release|Any CPU
		{A0BD1728-4999-4CA1-8119-245A1093A0B6}.Release|x64.ActiveCfg = Release|Any CPU
		{A0BD1728-4999-4CA1-8119-245A1093A0B6}.Release|x64.Build.0 = Release|Any CPU
		{A0BD1728-4999-4CA1-8119-245A1093A0B6}.Release|x86.ActiveCfg = Release|Any CPU
		{A0BD1728-4999-4CA1-8119-245A1093A0B6}.Release|x86.Build.0 = Release|Any CPU
		{25C85A91-A5C8-42CF-9277-879290B685F1}.Debug|Any CPU.ActiveCfg = Debug|Any CPU
		{25C85A91-A5C8-42CF-9277-879290B685F1}.Debug|Any CPU.Build.0 = Debug|Any CPU
		{25C85A91-A5C8-42CF-9277-879290B685F1}.Debug|x64.ActiveCfg = Debug|Any CPU
		{25C85A91-A5C8-42CF-9277-879290B685F1}.Debug|x64.Build.0 = Debug|Any CPU
		{25C85A91-A5C8-42CF-9277-879290B685F1}.Debug|x86.ActiveCfg = Debug|Any CPU
		{25C85A91-A5C8-42CF-9277-879290B685F1}.Debug|x86.Build.0 = Debug|Any CPU
		{25C85A91-A5C8-42CF-9277-879290B685F1}.Release|Any CPU.ActiveCfg = Release|Any CPU
		{25C85A91-A5C8-42CF-9277-879290B685F1}.Release|Any CPU.Build.0 = Release|Any CPU
		{25C85A91-A5C8-42CF-9277-879290B685F1}.Release|x64.ActiveCfg = Release|Any CPU
		{25C85A91-A5C8-42CF-9277-879290B685F1}.Release|x64.Build.0 = Release|Any CPU
		{25C85A91-A5C8-42CF-9277-879290B685F1}.Release|x86.ActiveCfg = Release|Any CPU
		{25C85A91-A5C8-42CF-9277-879290B685F1}.Release|x86.Build.0 = Release|Any CPU
		{926675C2-0C2D-43C4-AF38-32FD92066580}.Debug|Any CPU.ActiveCfg = Debug|Any CPU
		{926675C2-0C2D-43C4-AF38-32FD92066580}.Debug|Any CPU.Build.0 = Debug|Any CPU
		{926675C2-0C2D-43C4-AF38-32FD92066580}.Debug|x64.ActiveCfg = Debug|Any CPU
		{926675C2-0C2D-43C4-AF38-32FD92066580}.Debug|x64.Build.0 = Debug|Any CPU
		{926675C2-0C2D-43C4-AF38-32FD92066580}.Debug|x86.ActiveCfg = Debug|Any CPU
		{926675C2-0C2D-43C4-AF38-32FD92066580}.Debug|x86.Build.0 = Debug|Any CPU
		{926675C2-0C2D-43C4-AF38-32FD92066580}.Release|Any CPU.ActiveCfg = Release|Any CPU
		{926675C2-0C2D-43C4-AF38-32FD92066580}.Release|Any CPU.Build.0 = Release|Any CPU
		{926675C2-0C2D-43C4-AF38-32FD92066580}.Release|x64.ActiveCfg = Release|Any CPU
		{926675C2-0C2D-43C4-AF38-32FD92066580}.Release|x64.Build.0 = Release|Any CPU
		{926675C2-0C2D-43C4-AF38-32FD92066580}.Release|x86.ActiveCfg = Release|Any CPU
		{926675C2-0C2D-43C4-AF38-32FD92066580}.Release|x86.Build.0 = Release|Any CPU
		{4CB8F6F8-6DB8-4E9F-BFD8-8ECA21258A7C}.Debug|Any CPU.ActiveCfg = Debug|Any CPU
		{4CB8F6F8-6DB8-4E9F-BFD8-8ECA21258A7C}.Debug|Any CPU.Build.0 = Debug|Any CPU
		{4CB8F6F8-6DB8-4E9F-BFD8-8ECA21258A7C}.Debug|x64.ActiveCfg = Debug|Any CPU
		{4CB8F6F8-6DB8-4E9F-BFD8-8ECA21258A7C}.Debug|x64.Build.0 = Debug|Any CPU
		{4CB8F6F8-6DB8-4E9F-BFD8-8ECA21258A7C}.Debug|x86.ActiveCfg = Debug|Any CPU
		{4CB8F6F8-6DB8-4E9F-BFD8-8ECA21258A7C}.Debug|x86.Build.0 = Debug|Any CPU
		{4CB8F6F8-6DB8-4E9F-BFD8-8ECA21258A7C}.Release|Any CPU.ActiveCfg = Release|Any CPU
		{4CB8F6F8-6DB8-4E9F-BFD8-8ECA21258A7C}.Release|Any CPU.Build.0 = Release|Any CPU
		{4CB8F6F8-6DB8-4E9F-BFD8-8ECA21258A7C}.Release|x64.ActiveCfg = Release|Any CPU
		{4CB8F6F8-6DB8-4E9F-BFD8-8ECA21258A7C}.Release|x64.Build.0 = Release|Any CPU
		{4CB8F6F8-6DB8-4E9F-BFD8-8ECA21258A7C}.Release|x86.ActiveCfg = Release|Any CPU
		{4CB8F6F8-6DB8-4E9F-BFD8-8ECA21258A7C}.Release|x86.Build.0 = Release|Any CPU
		{67A28AFD-0363-4081-BC3F-5F8F53874C92}.Debug|Any CPU.ActiveCfg = Debug|Any CPU
		{67A28AFD-0363-4081-BC3F-5F8F53874C92}.Debug|Any CPU.Build.0 = Debug|Any CPU
		{67A28AFD-0363-4081-BC3F-5F8F53874C92}.Debug|x64.ActiveCfg = Debug|Any CPU
		{67A28AFD-0363-4081-BC3F-5F8F53874C92}.Debug|x64.Build.0 = Debug|Any CPU
		{67A28AFD-0363-4081-BC3F-5F8F53874C92}.Debug|x86.ActiveCfg = Debug|Any CPU
		{67A28AFD-0363-4081-BC3F-5F8F53874C92}.Debug|x86.Build.0 = Debug|Any CPU
		{67A28AFD-0363-4081-BC3F-5F8F53874C92}.Release|Any CPU.ActiveCfg = Release|Any CPU
		{67A28AFD-0363-4081-BC3F-5F8F53874C92}.Release|Any CPU.Build.0 = Release|Any CPU
		{67A28AFD-0363-4081-BC3F-5F8F53874C92}.Release|x64.ActiveCfg = Release|Any CPU
		{67A28AFD-0363-4081-BC3F-5F8F53874C92}.Release|x64.Build.0 = Release|Any CPU
		{67A28AFD-0363-4081-BC3F-5F8F53874C92}.Release|x86.ActiveCfg = Release|Any CPU
		{67A28AFD-0363-4081-BC3F-5F8F53874C92}.Release|x86.Build.0 = Release|Any CPU
		{8E71CF55-0CBA-4847-BC6B-9AE1F0656463}.Debug|Any CPU.ActiveCfg = Debug|Any CPU
		{8E71CF55-0CBA-4847-BC6B-9AE1F0656463}.Debug|Any CPU.Build.0 = Debug|Any CPU
		{8E71CF55-0CBA-4847-BC6B-9AE1F0656463}.Debug|x64.ActiveCfg = Debug|Any CPU
		{8E71CF55-0CBA-4847-BC6B-9AE1F0656463}.Debug|x64.Build.0 = Debug|Any CPU
		{8E71CF55-0CBA-4847-BC6B-9AE1F0656463}.Debug|x86.ActiveCfg = Debug|Any CPU
		{8E71CF55-0CBA-4847-BC6B-9AE1F0656463}.Debug|x86.Build.0 = Debug|Any CPU
		{8E71CF55-0CBA-4847-BC6B-9AE1F0656463}.Release|Any CPU.ActiveCfg = Release|Any CPU
		{8E71CF55-0CBA-4847-BC6B-9AE1F0656463}.Release|Any CPU.Build.0 = Release|Any CPU
		{8E71CF55-0CBA-4847-BC6B-9AE1F0656463}.Release|x64.ActiveCfg = Release|Any CPU
		{8E71CF55-0CBA-4847-BC6B-9AE1F0656463}.Release|x64.Build.0 = Release|Any CPU
		{8E71CF55-0CBA-4847-BC6B-9AE1F0656463}.Release|x86.ActiveCfg = Release|Any CPU
		{8E71CF55-0CBA-4847-BC6B-9AE1F0656463}.Release|x86.Build.0 = Release|Any CPU
	EndGlobalSection
	GlobalSection(SolutionProperties) = preSolution
		HideSolutionNode = FALSE
	EndGlobalSection
	GlobalSection(NestedProjects) = preSolution
		{B835F542-2993-47D8-968A-37875479A802} = {827E0CD3-B72D-47B6-A68D-7590B98EB39B}
		{4F8EA117-E340-47DB-B1CD-C1773999D508} = {827E0CD3-B72D-47B6-A68D-7590B98EB39B}
		{A0BD1728-4999-4CA1-8119-245A1093A0B6} = {827E0CD3-B72D-47B6-A68D-7590B98EB39B}
		{25C85A91-A5C8-42CF-9277-879290B685F1} = {827E0CD3-B72D-47B6-A68D-7590B98EB39B}
		{926675C2-0C2D-43C4-AF38-32FD92066580} = {827E0CD3-B72D-47B6-A68D-7590B98EB39B}
		{4CB8F6F8-6DB8-4E9F-BFD8-8ECA21258A7C} = {827E0CD3-B72D-47B6-A68D-7590B98EB39B}
		{67A28AFD-0363-4081-BC3F-5F8F53874C92} = {0AB3BF05-4346-4AA6-1389-037BE0695223}
		{8E71CF55-0CBA-4847-BC6B-9AE1F0656463} = {0AB3BF05-4346-4AA6-1389-037BE0695223}
	EndGlobalSection
EndGlobal
